// !$*UTF8*$!
{
	archiveVersion = 1;
	classes = {
	};
	objectVersion = 77;
	objects = {

/* Begin PBXBuildFile section */
		5C9BBB9D2D441521008F5A1D /* SwiftSoup in Frameworks */ = {isa = PBXBuildFile; productRef = 5C9BBB9C2D441521008F5A1D /* SwiftSoup */; };
		5CD1B1082D4CAE0800AC9398 /* WidgetKit.framework in Frameworks */ = {isa = PBXBuildFile; fileRef = 5CD1B1072D4CAE0700AC9398 /* WidgetKit.framework */; };
		5CD1B10A2D4CAE0800AC9398 /* SwiftUI.framework in Frameworks */ = {isa = PBXBuildFile; fileRef = 5CD1B1092D4CAE0800AC9398 /* SwiftUI.framework */; };
		5CD1B1152D4CAE0A00AC9398 /* kenWidgetExtension.appex in Embed Foundation Extensions */ = {isa = PBXBuildFile; fileRef = 5CD1B1052D4CAE0700AC9398 /* kenWidgetExtension.appex */; settings = {ATTRIBUTES = (RemoveHeadersOnCopy, ); }; };
/* End PBXBuildFile section */

/* Begin PBXContainerItemProxy section */
		5CD1B1132D4CAE0A00AC9398 /* PBXContainerItemProxy */ = {
			isa = PBXContainerItemProxy;
			containerPortal = 5C9BBB822D44121C008F5A1D /* Project object */;
			proxyType = 1;
			remoteGlobalIDString = 5CD1B1042D4CAE0700AC9398;
			remoteInfo = kenWidgetExtension;
		};
/* End PBXContainerItemProxy section */

/* Begin PBXCopyFilesBuildPhase section */
		5CD1B11A2D4CAE0A00AC9398 /* Embed Foundation Extensions */ = {
			isa = PBXCopyFilesBuildPhase;
			buildActionMask = 2147483647;
			dstPath = "";
			dstSubfolderSpec = 13;
			files = (
				5CD1B1152D4CAE0A00AC9398 /* kenWidgetExtension.appex in Embed Foundation Extensions */,
			);
			name = "Embed Foundation Extensions";
			runOnlyForDeploymentPostprocessing = 0;
		};
/* End PBXCopyFilesBuildPhase section */

/* Begin PBXFileReference section */
		5C9BBB8A2D44121C008F5A1D /* ken.app */ = {isa = PBXFileReference; explicitFileType = wrapper.application; includeInIndex = 0; path = ken.app; sourceTree = BUILT_PRODUCTS_DIR; };
		5CD1B1052D4CAE0700AC9398 /* kenWidgetExtension.appex */ = {isa = PBXFileReference; explicitFileType = "wrapper.app-extension"; includeInIndex = 0; path = kenWidgetExtension.appex; sourceTree = BUILT_PRODUCTS_DIR; };
		5CD1B1072D4CAE0700AC9398 /* WidgetKit.framework */ = {isa = PBXFileReference; lastKnownFileType = wrapper.framework; name = WidgetKit.framework; path = System/Library/Frameworks/WidgetKit.framework; sourceTree = SDKROOT; };
		5CD1B1092D4CAE0800AC9398 /* SwiftUI.framework */ = {isa = PBXFileReference; lastKnownFileType = wrapper.framework; name = SwiftUI.framework; path = System/Library/Frameworks/SwiftUI.framework; sourceTree = SDKROOT; };
		5CD1B1342D4CD01700AC9398 /* kenWidgetExtension.entitlements */ = {isa = PBXFileReference; lastKnownFileType = text.plist.entitlements; path = kenWidgetExtension.entitlements; sourceTree = "<group>"; };
/* End PBXFileReference section */

/* Begin PBXFileSystemSynchronizedBuildFileExceptionSet section */
		5C94E2592D68630700000CEA /* Exceptions for "ken" folder in "ken" target */ = {
			isa = PBXFileSystemSynchronizedBuildFileExceptionSet;
			membershipExceptions = (
				Const/UICOlors.swift,
			);
			target = 5C9BBB892D44121C008F5A1D /* ken */;
		};
		5CD1B1162D4CAE0A00AC9398 /* Exceptions for "kenWidget" folder in "kenWidgetExtension" target */ = {
			isa = PBXFileSystemSynchronizedBuildFileExceptionSet;
			membershipExceptions = (
				Info.plist,
			);
			target = 5CD1B1042D4CAE0700AC9398 /* kenWidgetExtension */;
		};
		5CD1B1212D4CB52500AC9398 /* Exceptions for "ken" folder in "kenWidgetExtension" target */ = {
			isa = PBXFileSystemSynchronizedBuildFileExceptionSet;
			membershipExceptions = (
				Const/AppGroup.swift,
				Const/UICOlors.swift,
				Features/Contributions/Views/ContributionGridView.swift,
				Network/LeetCode.swift,
				Views/Contribution/Components/ContributionCell.swift,
				Views/Contribution/Components/ContributionTooltip.swift,
				Views/Contribution/Helpers/ContributionColors.swift,
			);
			target = 5CD1B1042D4CAE0700AC9398 /* kenWidgetExtension */;
		};
/* End PBXFileSystemSynchronizedBuildFileExceptionSet section */

/* Begin PBXFileSystemSynchronizedGroupBuildPhaseMembershipExceptionSet section */
		5C94E25A2D68630700000CEA /* Exceptions for "ken" folder in "Copy Bundle Resources" phase from "ken" target */ = {
			isa = PBXFileSystemSynchronizedGroupBuildPhaseMembershipExceptionSet;
			buildPhase = 5C9BBB882D44121C008F5A1D /* Resources */;
			membershipExceptions = (
				Const/UICOlors.swift,
			);
		};
		5C94E25B2D68630700000CEA /* Exceptions for "ken" folder in "Copy Bundle Resources" phase from "kenWidgetExtension" target */ = {
			isa = PBXFileSystemSynchronizedGroupBuildPhaseMembershipExceptionSet;
			buildPhase = 5CD1B1032D4CAE0700AC9398 /* Resources */;
			membershipExceptions = (
				Const/UICOlors.swift,
			);
		};
/* End PBXFileSystemSynchronizedGroupBuildPhaseMembershipExceptionSet section */

/* Begin PBXFileSystemSynchronizedRootGroup section */
		5C9BBB8C2D44121C008F5A1D /* ken */ = {
			isa = PBXFileSystemSynchronizedRootGroup;
			exceptions = (
				5C94E2592D68630700000CEA /* Exceptions for "ken" folder in "ken" target */,
				5C94E25A2D68630700000CEA /* Exceptions for "ken" folder in "Copy Bundle Resources" phase from "ken" target */,
				5CD1B1212D4CB52500AC9398 /* Exceptions for "ken" folder in "kenWidgetExtension" target */,
				5C94E25B2D68630700000CEA /* Exceptions for "ken" folder in "Copy Bundle Resources" phase from "kenWidgetExtension" target */,
			);
			path = ken;
			sourceTree = "<group>";
		};
		5CD1B10B2D4CAE0800AC9398 /* kenWidget */ = {
			isa = PBXFileSystemSynchronizedRootGroup;
			exceptions = (
				5CD1B1162D4CAE0A00AC9398 /* Exceptions for "kenWidget" folder in "kenWidgetExtension" target */,
			);
			path = kenWidget;
			sourceTree = "<group>";
		};
/* End PBXFileSystemSynchronizedRootGroup section */

/* Begin PBXFrameworksBuildPhase section */
		5C9BBB872D44121C008F5A1D /* Frameworks */ = {
			isa = PBXFrameworksBuildPhase;
			buildActionMask = 2147483647;
			files = (
				5C9BBB9D2D441521008F5A1D /* SwiftSoup in Frameworks */,
			);
			runOnlyForDeploymentPostprocessing = 0;
		};
		5CD1B1022D4CAE0700AC9398 /* Frameworks */ = {
			isa = PBXFrameworksBuildPhase;
			buildActionMask = 2147483647;
			files = (
				5CD1B10A2D4CAE0800AC9398 /* SwiftUI.framework in Frameworks */,
				5CD1B1082D4CAE0800AC9398 /* WidgetKit.framework in Frameworks */,
			);
			runOnlyForDeploymentPostprocessing = 0;
		};
/* End PBXFrameworksBuildPhase section */

/* Begin PBXGroup section */
		5C9BBB812D44121C008F5A1D = {
			isa = PBXGroup;
			children = (
				5CD1B1342D4CD01700AC9398 /* kenWidgetExtension.entitlements */,
				5C9BBB8C2D44121C008F5A1D /* ken */,
				5CD1B10B2D4CAE0800AC9398 /* kenWidget */,
				5CD1B1062D4CAE0700AC9398 /* Frameworks */,
				5C9BBB8B2D44121C008F5A1D /* Products */,
			);
			sourceTree = "<group>";
		};
		5C9BBB8B2D44121C008F5A1D /* Products */ = {
			isa = PBXGroup;
			children = (
				5C9BBB8A2D44121C008F5A1D /* ken.app */,
				5CD1B1052D4CAE0700AC9398 /* kenWidgetExtension.appex */,
			);
			name = Products;
			sourceTree = "<group>";
		};
		5CD1B1062D4CAE0700AC9398 /* Frameworks */ = {
			isa = PBXGroup;
			children = (
				5CD1B1072D4CAE0700AC9398 /* WidgetKit.framework */,
				5CD1B1092D4CAE0800AC9398 /* SwiftUI.framework */,
			);
			name = Frameworks;
			sourceTree = "<group>";
		};
/* End PBXGroup section */

/* Begin PBXNativeTarget section */
		5C9BBB892D44121C008F5A1D /* ken */ = {
			isa = PBXNativeTarget;
			buildConfigurationList = 5C9BBB982D44121F008F5A1D /* Build configuration list for PBXNativeTarget "ken" */;
			buildPhases = (
				5C9BBB862D44121C008F5A1D /* Sources */,
				5C9BBB872D44121C008F5A1D /* Frameworks */,
				5C9BBB882D44121C008F5A1D /* Resources */,
				5CD1B11A2D4CAE0A00AC9398 /* Embed Foundation Extensions */,
			);
			buildRules = (
			);
			dependencies = (
				5CD1B1142D4CAE0A00AC9398 /* PBXTargetDependency */,
			);
			fileSystemSynchronizedGroups = (
				5C9BBB8C2D44121C008F5A1D /* ken */,
			);
			name = ken;
			packageProductDependencies = (
				5C9BBB9C2D441521008F5A1D /* SwiftSoup */,
			);
			productName = ken;
			productReference = 5C9BBB8A2D44121C008F5A1D /* ken.app */;
			productType = "com.apple.product-type.application";
		};
		5CD1B1042D4CAE0700AC9398 /* kenWidgetExtension */ = {
			isa = PBXNativeTarget;
			buildConfigurationList = 5CD1B1172D4CAE0A00AC9398 /* Build configuration list for PBXNativeTarget "kenWidgetExtension" */;
			buildPhases = (
				5CD1B1012D4CAE0700AC9398 /* Sources */,
				5CD1B1022D4CAE0700AC9398 /* Frameworks */,
				5CD1B1032D4CAE0700AC9398 /* Resources */,
			);
			buildRules = (
			);
			dependencies = (
			);
			fileSystemSynchronizedGroups = (
				5CD1B10B2D4CAE0800AC9398 /* kenWidget */,
			);
			name = kenWidgetExtension;
			packageProductDependencies = (
			);
			productName = kenWidgetExtension;
			productReference = 5CD1B1052D4CAE0700AC9398 /* kenWidgetExtension.appex */;
			productType = "com.apple.product-type.app-extension";
		};
/* End PBXNativeTarget section */

/* Begin PBXProject section */
		5C9BBB822D44121C008F5A1D /* Project object */ = {
			isa = PBXProject;
			attributes = {
				BuildIndependentTargetsInParallel = 1;
				LastSwiftUpdateCheck = 1620;
				LastUpgradeCheck = 1620;
				TargetAttributes = {
					5C9BBB892D44121C008F5A1D = {
						CreatedOnToolsVersion = 16.2;
					};
					5CD1B1042D4CAE0700AC9398 = {
						CreatedOnToolsVersion = 16.2;
					};
				};
			};
			buildConfigurationList = 5C9BBB852D44121C008F5A1D /* Build configuration list for PBXProject "ken" */;
			developmentRegion = en;
			hasScannedForEncodings = 0;
			knownRegions = (
				en,
				Base,
			);
			mainGroup = 5C9BBB812D44121C008F5A1D;
			minimizedProjectReferenceProxies = 1;
			packageReferences = (
				5C9BBB9B2D441521008F5A1D /* XCRemoteSwiftPackageReference "SwiftSoup" */,
			);
			preferredProjectObjectVersion = 77;
			productRefGroup = 5C9BBB8B2D44121C008F5A1D /* Products */;
			projectDirPath = "";
			projectRoot = "";
			targets = (
				5C9BBB892D44121C008F5A1D /* ken */,
				5CD1B1042D4CAE0700AC9398 /* kenWidgetExtension */,
			);
		};
/* End PBXProject section */

/* Begin PBXResourcesBuildPhase section */
		5C9BBB882D44121C008F5A1D /* Resources */ = {
			isa = PBXResourcesBuildPhase;
			buildActionMask = 2147483647;
			files = (
			);
			runOnlyForDeploymentPostprocessing = 0;
		};
		5CD1B1032D4CAE0700AC9398 /* Resources */ = {
			isa = PBXResourcesBuildPhase;
			buildActionMask = 2147483647;
			files = (
			);
			runOnlyForDeploymentPostprocessing = 0;
		};
/* End PBXResourcesBuildPhase section */

/* Begin PBXSourcesBuildPhase section */
		5C9BBB862D44121C008F5A1D /* Sources */ = {
			isa = PBXSourcesBuildPhase;
			buildActionMask = 2147483647;
			files = (
			);
			runOnlyForDeploymentPostprocessing = 0;
		};
		5CD1B1012D4CAE0700AC9398 /* Sources */ = {
			isa = PBXSourcesBuildPhase;
			buildActionMask = 2147483647;
			files = (
			);
			runOnlyForDeploymentPostprocessing = 0;
		};
/* End PBXSourcesBuildPhase section */

/* Begin PBXTargetDependency section */
		5CD1B1142D4CAE0A00AC9398 /* PBXTargetDependency */ = {
			isa = PBXTargetDependency;
			target = 5CD1B1042D4CAE0700AC9398 /* kenWidgetExtension */;
			targetProxy = 5CD1B1132D4CAE0A00AC9398 /* PBXContainerItemProxy */;
		};
/* End PBXTargetDependency section */

/* Begin XCBuildConfiguration section */
		5C9BBB962D44121F008F5A1D /* Debug */ = {
			isa = XCBuildConfiguration;
			buildSettings = {
				ALWAYS_SEARCH_USER_PATHS = NO;
				ASSETCATALOG_COMPILER_GENERATE_SWIFT_ASSET_SYMBOL_EXTENSIONS = YES;
				CLANG_ANALYZER_NONNULL = YES;
				CLANG_ANALYZER_NUMBER_OBJECT_CONVERSION = YES_AGGRESSIVE;
				CLANG_CXX_LANGUAGE_STANDARD = "gnu++20";
				CLANG_ENABLE_MODULES = YES;
				CLANG_ENABLE_OBJC_ARC = YES;
				CLANG_ENABLE_OBJC_WEAK = YES;
				CLANG_WARN_BLOCK_CAPTURE_AUTORELEASING = YES;
				CLANG_WARN_BOOL_CONVERSION = YES;
				CLANG_WARN_COMMA = YES;
				CLANG_WARN_CONSTANT_CONVERSION = YES;
				CLANG_WARN_DEPRECATED_OBJC_IMPLEMENTATIONS = YES;
				CLANG_WARN_DIRECT_OBJC_ISA_USAGE = YES_ERROR;
				CLANG_WARN_DOCUMENTATION_COMMENTS = YES;
				CLANG_WARN_EMPTY_BODY = YES;
				CLANG_WARN_ENUM_CONVERSION = YES;
				CLANG_WARN_INFINITE_RECURSION = YES;
				CLANG_WARN_INT_CONVERSION = YES;
				CLANG_WARN_NON_LITERAL_NULL_CONVERSION = YES;
				CLANG_WARN_OBJC_IMPLICIT_RETAIN_SELF = YES;
				CLANG_WARN_OBJC_LITERAL_CONVERSION = YES;
				CLANG_WARN_OBJC_ROOT_CLASS = YES_ERROR;
				CLANG_WARN_QUOTED_INCLUDE_IN_FRAMEWORK_HEADER = YES;
				CLANG_WARN_RANGE_LOOP_ANALYSIS = YES;
				CLANG_WARN_STRICT_PROTOTYPES = YES;
				CLANG_WARN_SUSPICIOUS_MOVE = YES;
				CLANG_WARN_UNGUARDED_AVAILABILITY = YES_AGGRESSIVE;
				CLANG_WARN_UNREACHABLE_CODE = YES;
				CLANG_WARN__DUPLICATE_METHOD_MATCH = YES;
				COPY_PHASE_STRIP = NO;
				DEBUG_INFORMATION_FORMAT = dwarf;
				ENABLE_STRICT_OBJC_MSGSEND = YES;
				ENABLE_TESTABILITY = YES;
				ENABLE_USER_SCRIPT_SANDBOXING = YES;
				GCC_C_LANGUAGE_STANDARD = gnu17;
				GCC_DYNAMIC_NO_PIC = NO;
				GCC_NO_COMMON_BLOCKS = YES;
				GCC_OPTIMIZATION_LEVEL = 0;
				GCC_PREPROCESSOR_DEFINITIONS = (
					"DEBUG=1",
					"$(inherited)",
				);
				GCC_WARN_64_TO_32_BIT_CONVERSION = YES;
				GCC_WARN_ABOUT_RETURN_TYPE = YES_ERROR;
				GCC_WARN_UNDECLARED_SELECTOR = YES;
				GCC_WARN_UNINITIALIZED_AUTOS = YES_AGGRESSIVE;
				GCC_WARN_UNUSED_FUNCTION = YES;
				GCC_WARN_UNUSED_VARIABLE = YES;
				IPHONEOS_DEPLOYMENT_TARGET = 18.2;
				LOCALIZATION_PREFERS_STRING_CATALOGS = YES;
				MTL_ENABLE_DEBUG_INFO = INCLUDE_SOURCE;
				MTL_FAST_MATH = YES;
				ONLY_ACTIVE_ARCH = YES;
				SDKROOT = iphoneos;
				SWIFT_ACTIVE_COMPILATION_CONDITIONS = "DEBUG $(inherited)";
				SWIFT_OPTIMIZATION_LEVEL = "-Onone";
			};
			name = Debug;
		};
		5C9BBB972D44121F008F5A1D /* Release */ = {
			isa = XCBuildConfiguration;
			buildSettings = {
				ALWAYS_SEARCH_USER_PATHS = NO;
				ASSETCATALOG_COMPILER_GENERATE_SWIFT_ASSET_SYMBOL_EXTENSIONS = YES;
				CLANG_ANALYZER_NONNULL = YES;
				CLANG_ANALYZER_NUMBER_OBJECT_CONVERSION = YES_AGGRESSIVE;
				CLANG_CXX_LANGUAGE_STANDARD = "gnu++20";
				CLANG_ENABLE_MODULES = YES;
				CLANG_ENABLE_OBJC_ARC = YES;
				CLANG_ENABLE_OBJC_WEAK = YES;
				CLANG_WARN_BLOCK_CAPTURE_AUTORELEASING = YES;
				CLANG_WARN_BOOL_CONVERSION = YES;
				CLANG_WARN_COMMA = YES;
				CLANG_WARN_CONSTANT_CONVERSION = YES;
				CLANG_WARN_DEPRECATED_OBJC_IMPLEMENTATIONS = YES;
				CLANG_WARN_DIRECT_OBJC_ISA_USAGE = YES_ERROR;
				CLANG_WARN_DOCUMENTATION_COMMENTS = YES;
				CLANG_WARN_EMPTY_BODY = YES;
				CLANG_WARN_ENUM_CONVERSION = YES;
				CLANG_WARN_INFINITE_RECURSION = YES;
				CLANG_WARN_INT_CONVERSION = YES;
				CLANG_WARN_NON_LITERAL_NULL_CONVERSION = YES;
				CLANG_WARN_OBJC_IMPLICIT_RETAIN_SELF = YES;
				CLANG_WARN_OBJC_LITERAL_CONVERSION = YES;
				CLANG_WARN_OBJC_ROOT_CLASS = YES_ERROR;
				CLANG_WARN_QUOTED_INCLUDE_IN_FRAMEWORK_HEADER = YES;
				CLANG_WARN_RANGE_LOOP_ANALYSIS = YES;
				CLANG_WARN_STRICT_PROTOTYPES = YES;
				CLANG_WARN_SUSPICIOUS_MOVE = YES;
				CLANG_WARN_UNGUARDED_AVAILABILITY = YES_AGGRESSIVE;
				CLANG_WARN_UNREACHABLE_CODE = YES;
				CLANG_WARN__DUPLICATE_METHOD_MATCH = YES;
				COPY_PHASE_STRIP = NO;
				DEBUG_INFORMATION_FORMAT = "dwarf-with-dsym";
				ENABLE_NS_ASSERTIONS = NO;
				ENABLE_STRICT_OBJC_MSGSEND = YES;
				ENABLE_USER_SCRIPT_SANDBOXING = YES;
				GCC_C_LANGUAGE_STANDARD = gnu17;
				GCC_NO_COMMON_BLOCKS = YES;
				GCC_WARN_64_TO_32_BIT_CONVERSION = YES;
				GCC_WARN_ABOUT_RETURN_TYPE = YES_ERROR;
				GCC_WARN_UNDECLARED_SELECTOR = YES;
				GCC_WARN_UNINITIALIZED_AUTOS = YES_AGGRESSIVE;
				GCC_WARN_UNUSED_FUNCTION = YES;
				GCC_WARN_UNUSED_VARIABLE = YES;
				IPHONEOS_DEPLOYMENT_TARGET = 18.2;
				LOCALIZATION_PREFERS_STRING_CATALOGS = YES;
				MTL_ENABLE_DEBUG_INFO = NO;
				MTL_FAST_MATH = YES;
				SDKROOT = iphoneos;
				SWIFT_COMPILATION_MODE = wholemodule;
				VALIDATE_PRODUCT = YES;
			};
			name = Release;
		};
		5C9BBB992D44121F008F5A1D /* Debug */ = {
			isa = XCBuildConfiguration;
			buildSettings = {
				ASSETCATALOG_COMPILER_APPICON_NAME = AppIcon;
				ASSETCATALOG_COMPILER_GLOBAL_ACCENT_COLOR_NAME = AccentColor;
				CODE_SIGN_ENTITLEMENTS = ken/ken.entitlements;
				CODE_SIGN_STYLE = Automatic;
				CURRENT_PROJECT_VERSION = 1;
				DEVELOPMENT_ASSET_PATHS = "\"ken/Preview Content\"";
				DEVELOPMENT_TEAM = 57Y8VNA6WW;
				ENABLE_PREVIEWS = YES;
				GENERATE_INFOPLIST_FILE = YES;
				INFOPLIST_KEY_UIApplicationSceneManifest_Generation = YES;
				INFOPLIST_KEY_UIApplicationSupportsIndirectInputEvents = YES;
				INFOPLIST_KEY_UILaunchScreen_Generation = YES;
				INFOPLIST_KEY_UISupportedInterfaceOrientations_iPad = "UIInterfaceOrientationPortrait UIInterfaceOrientationPortraitUpsideDown UIInterfaceOrientationLandscapeLeft UIInterfaceOrientationLandscapeRight";
				INFOPLIST_KEY_UISupportedInterfaceOrientations_iPhone = "UIInterfaceOrientationPortrait UIInterfaceOrientationLandscapeLeft UIInterfaceOrientationLandscapeRight";
				LD_RUNPATH_SEARCH_PATHS = (
					"$(inherited)",
					"@executable_path/Frameworks",
				);
				MARKETING_VERSION = 1.0;
				PRODUCT_BUNDLE_IDENTIFIER = com.demoliserguts.ken;
				PRODUCT_NAME = "$(TARGET_NAME)";
				SWIFT_EMIT_LOC_STRINGS = YES;
				SWIFT_VERSION = 5.0;
				TARGETED_DEVICE_FAMILY = "1,2";
			};
			name = Debug;
		};
		5C9BBB9A2D44121F008F5A1D /* Release */ = {
			isa = XCBuildConfiguration;
			buildSettings = {
				ASSETCATALOG_COMPILER_APPICON_NAME = AppIcon;
				ASSETCATALOG_COMPILER_GLOBAL_ACCENT_COLOR_NAME = AccentColor;
				CODE_SIGN_ENTITLEMENTS = ken/ken.entitlements;
				CODE_SIGN_STYLE = Automatic;
				CURRENT_PROJECT_VERSION = 1;
				DEVELOPMENT_ASSET_PATHS = "\"ken/Preview Content\"";
				DEVELOPMENT_TEAM = 57Y8VNA6WW;
				ENABLE_PREVIEWS = YES;
				GENERATE_INFOPLIST_FILE = YES;
				INFOPLIST_KEY_UIApplicationSceneManifest_Generation = YES;
				INFOPLIST_KEY_UIApplicationSupportsIndirectInputEvents = YES;
				INFOPLIST_KEY_UILaunchScreen_Generation = YES;
				INFOPLIST_KEY_UISupportedInterfaceOrientations_iPad = "UIInterfaceOrientationPortrait UIInterfaceOrientationPortraitUpsideDown UIInterfaceOrientationLandscapeLeft UIInterfaceOrientationLandscapeRight";
				INFOPLIST_KEY_UISupportedInterfaceOrientations_iPhone = "UIInterfaceOrientationPortrait UIInterfaceOrientationLandscapeLeft UIInterfaceOrientationLandscapeRight";
				LD_RUNPATH_SEARCH_PATHS = (
					"$(inherited)",
					"@executable_path/Frameworks",
				);
				MARKETING_VERSION = 1.0;
				PRODUCT_BUNDLE_IDENTIFIER = com.demoliserguts.ken;
				PRODUCT_NAME = "$(TARGET_NAME)";
				SWIFT_EMIT_LOC_STRINGS = YES;
				SWIFT_VERSION = 5.0;
				TARGETED_DEVICE_FAMILY = "1,2";
			};
			name = Release;
		};
		5CD1B1182D4CAE0A00AC9398 /* Debug */ = {
			isa = XCBuildConfiguration;
			buildSettings = {
				ASSETCATALOG_COMPILER_GLOBAL_ACCENT_COLOR_NAME = AccentColor;
				ASSETCATALOG_COMPILER_WIDGET_BACKGROUND_COLOR_NAME = WidgetBackground;
				CODE_SIGN_ENTITLEMENTS = kenWidgetExtension.entitlements;
				CODE_SIGN_STYLE = Automatic;
				CURRENT_PROJECT_VERSION = 1;
				DEVELOPMENT_ASSET_PATHS = "ken/Network/LeetCode.swift ken/Views";
				DEVELOPMENT_TEAM = 57Y8VNA6WW;
				GENERATE_INFOPLIST_FILE = YES;
				INFOPLIST_FILE = kenWidget/Info.plist;
				INFOPLIST_KEY_CFBundleDisplayName = kenWidget;
				INFOPLIST_KEY_NSHumanReadableCopyright = "";
				LD_RUNPATH_SEARCH_PATHS = (
					"$(inherited)",
					"@executable_path/Frameworks",
					"@executable_path/../../Frameworks",
				);
				MARKETING_VERSION = 1.0;
				PRODUCT_BUNDLE_IDENTIFIER = com.demoliserguts.ken.kenWidget;
				PRODUCT_NAME = "$(TARGET_NAME)";
				SKIP_INSTALL = YES;
				SWIFT_EMIT_LOC_STRINGS = YES;
				SWIFT_VERSION = 5.0;
				TARGETED_DEVICE_FAMILY = "1,2";
			};
			name = Debug;
		};
		5CD1B1192D4CAE0A00AC9398 /* Release */ = {
			isa = XCBuildConfiguration;
			buildSettings = {
				ASSETCATALOG_COMPILER_GLOBAL_ACCENT_COLOR_NAME = AccentColor;
				ASSETCATALOG_COMPILER_WIDGET_BACKGROUND_COLOR_NAME = WidgetBackground;
				CODE_SIGN_ENTITLEMENTS = kenWidgetExtension.entitlements;
				CODE_SIGN_STYLE = Automatic;
				CURRENT_PROJECT_VERSION = 1;
				DEVELOPMENT_ASSET_PATHS = "ken/Network/LeetCode.swift ken/Views";
				DEVELOPMENT_TEAM = 57Y8VNA6WW;
				GENERATE_INFOPLIST_FILE = YES;
				INFOPLIST_FILE = kenWidget/Info.plist;
				INFOPLIST_KEY_CFBundleDisplayName = kenWidget;
				INFOPLIST_KEY_NSHumanReadableCopyright = "";
				LD_RUNPATH_SEARCH_PATHS = (
					"$(inherited)",
					"@executable_path/Frameworks",
					"@executable_path/../../Frameworks",
				);
				MARKETING_VERSION = 1.0;
				PRODUCT_BUNDLE_IDENTIFIER = com.demoliserguts.ken.kenWidget;
				PRODUCT_NAME = "$(TARGET_NAME)";
				SKIP_INSTALL = YES;
				SWIFT_EMIT_LOC_STRINGS = YES;
				SWIFT_VERSION = 5.0;
				TARGETED_DEVICE_FAMILY = "1,2";
			};
			name = Release;
		};
/* End XCBuildConfiguration section */

/* Begin XCConfigurationList section */
		5C9BBB852D44121C008F5A1D /* Build configuration list for PBXProject "ken" */ = {
			isa = XCConfigurationList;
			buildConfigurations = (
				5C9BBB962D44121F008F5A1D /* Debug */,
				5C9BBB972D44121F008F5A1D /* Release */,
			);
			defaultConfigurationIsVisible = 0;
			defaultConfigurationName = Release;
		};
		5C9BBB982D44121F008F5A1D /* Build configuration list for PBXNativeTarget "ken" */ = {
			isa = XCConfigurationList;
			buildConfigurations = (
				5C9BBB992D44121F008F5A1D /* Debug */,
				5C9BBB9A2D44121F008F5A1D /* Release */,
			);
			defaultConfigurationIsVisible = 0;
			defaultConfigurationName = Release;
		};
		5CD1B1172D4CAE0A00AC9398 /* Build configuration list for PBXNativeTarget "kenWidgetExtension" */ = {
			isa = XCConfigurationList;
			buildConfigurations = (
				5CD1B1182D4CAE0A00AC9398 /* Debug */,
				5CD1B1192D4CAE0A00AC9398 /* Release */,
			);
			defaultConfigurationIsVisible = 0;
			defaultConfigurationName = Release;
		};
/* End XCConfigurationList section */

/* Begin XCRemoteSwiftPackageReference section */
		5C9BBB9B2D441521008F5A1D /* XCRemoteSwiftPackageReference "SwiftSoup" */ = {
			isa = XCRemoteSwiftPackageReference;
			repositoryURL = "https://github.com/scinfu/SwiftSoup";
			requirement = {
				kind = upToNextMajorVersion;
				minimumVersion = 2.7.7;
			};
		};
/* End XCRemoteSwiftPackageReference section */

/* Begin XCSwiftPackageProductDependency section */
		5C9BBB9C2D441521008F5A1D /* SwiftSoup */ = {
			isa = XCSwiftPackageProductDependency;
			package = 5C9BBB9B2D441521008F5A1D /* XCRemoteSwiftPackageReference "SwiftSoup" */;
			productName = SwiftSoup;
		};
/* End XCSwiftPackageProductDependency section */
	};
	rootObject = 5C9BBB822D44121C008F5A1D /* Project object */;
}
